# THIS IS AN AUTOGENERATED FILE. DO NOT EDIT THIS FILE DIRECTLY.
# yarn lockfile v1


"@babel/parser@^7.0.0":
  version "7.14.2"
  resolved "https://registry.nlark.com/@babel/parser/download/@babel/parser-7.14.2.tgz?cache=0&sync_timestamp=1620839505001&other_urls=https%3A%2F%2Fregistry.nlark.com%2F%40babel%2Fparser%2Fdownload%2F%40babel%2Fparser-7.14.2.tgz#0c1680aa44ad4605b16cbdcc5c341a61bde9c746"
  integrity sha1-DBaAqkStRgWxbL3MXDQaYb3px0Y=

"@nodelib/fs.scandir@2.1.4":
  version "2.1.4"
  resolved "https://registry.npm.taobao.org/@nodelib/fs.scandir/download/@nodelib/fs.scandir-2.1.4.tgz?cache=0&sync_timestamp=1609074594471&other_urls=https%3A%2F%2Fregistry.npm.taobao.org%2F%40nodelib%2Ffs.scandir%2Fdownload%2F%40nodelib%2Ffs.scandir-2.1.4.tgz#d4b3549a5db5de2683e0c1071ab4f140904bbf69"
  integrity sha1-1LNUml213iaD4MEHGrTxQJBLv2k=
  dependencies:
    "@nodelib/fs.stat" "2.0.4"
    run-parallel "^1.1.9"

"@nodelib/fs.stat@2.0.4", "@nodelib/fs.stat@^2.0.2":
  version "2.0.4"
  resolved "https://registry.npm.taobao.org/@nodelib/fs.stat/download/@nodelib/fs.stat-2.0.4.tgz?cache=0&sync_timestamp=1609074429033&other_urls=https%3A%2F%2Fregistry.npm.taobao.org%2F%40nodelib%2Ffs.stat%2Fdownload%2F%40nodelib%2Ffs.stat-2.0.4.tgz#a3f2dd61bab43b8db8fa108a121cfffe4c676655"
  integrity sha1-o/LdYbq0O424+hCKEhz//kxnZlU=

"@nodelib/fs.walk@^1.2.3":
  version "1.2.6"
  resolved "https://registry.npm.taobao.org/@nodelib/fs.walk/download/@nodelib/fs.walk-1.2.6.tgz?cache=0&sync_timestamp=1609077069715&other_urls=https%3A%2F%2Fregistry.npm.taobao.org%2F%40nodelib%2Ffs.walk%2Fdownload%2F%40nodelib%2Ffs.walk-1.2.6.tgz#cce9396b30aa5afe9e3756608f5831adcb53d063"
  integrity sha1-zOk5azCqWv6eN1Zgj1gxrctT0GM=
  dependencies:
    "@nodelib/fs.scandir" "2.1.4"
    fastq "^1.6.0"

"@types/glob@^7.1.3":
  version "7.1.3"
  resolved "https://registry.npm.taobao.org/@types/glob/download/@types/glob-7.1.3.tgz#e6ba80f36b7daad2c685acd9266382e68985c183"
  integrity sha1-5rqA82t9qtLGhazZJmOC5omFwYM=
  dependencies:
    "@types/minimatch" "*"
    "@types/node" "*"

"@types/graceful-fs@^4.1.5":
  version "4.1.5"
  resolved "https://registry.npm.taobao.org/@types/graceful-fs/download/@types/graceful-fs-4.1.5.tgz#21ffba0d98da4350db64891f92a9e5db3cdb4e15"
  integrity sha1-If+6DZjaQ1DbZIkfkqnl2zzbThU=
  dependencies:
    "@types/node" "*"

"@types/minimatch@*":
  version "3.0.4"
  resolved "https://registry.nlark.com/@types/minimatch/download/@types/minimatch-3.0.4.tgz#f0ec25dbf2f0e4b18647313ac031134ca5b24b21"
  integrity sha1-8Owl2/Lw5LGGRzE6wDETTKWySyE=

"@types/node@*", "@types/node@^15.3.0":
  version "15.3.0"
  resolved "https://registry.nlark.com/@types/node/download/@types/node-15.3.0.tgz#d6fed7d6bc6854306da3dea1af9f874b00783e26"
  integrity sha1-1v7X1rxoVDBto96hr5+HSwB4PiY=

"@typescript-eslint/types@4.23.0":
  version "4.23.0"
  resolved "https://registry.nlark.com/@typescript-eslint/types/download/@typescript-eslint/types-4.23.0.tgz#da1654c8a5332f4d1645b2d9a1c64193cae3aa3b"
  integrity sha1-2hZUyKUzL00WRbLZocZBk8rjqjs=

"@typescript-eslint/typescript-estree@^4.8.2":
  version "4.23.0"
  resolved "https://registry.nlark.com/@typescript-eslint/typescript-estree/download/@typescript-eslint/typescript-estree-4.23.0.tgz#0753b292097523852428a6f5a1aa8ccc1aae6cd9"
  integrity sha1-B1Oykgl1I4UkKKb1oaqMzBqubNk=
  dependencies:
    "@typescript-eslint/types" "4.23.0"
    "@typescript-eslint/visitor-keys" "4.23.0"
    debug "^4.1.1"
    globby "^11.0.1"
    is-glob "^4.0.1"
    semver "^7.3.2"
    tsutils "^3.17.1"

"@typescript-eslint/visitor-keys@4.23.0":
  version "4.23.0"
  resolved "https://registry.nlark.com/@typescript-eslint/visitor-keys/download/@typescript-eslint/visitor-keys-4.23.0.tgz#7215cc977bd3b4ef22467b9023594e32f9e4e455"
  integrity sha1-chXMl3vTtO8iRnuQI1lOMvnk5FU=
  dependencies:
    "@typescript-eslint/types" "4.23.0"
    eslint-visitor-keys "^2.0.0"

array-union@^2.1.0:
  version "2.1.0"
  resolved "https://registry.npm.taobao.org/array-union/download/array-union-2.1.0.tgz#b798420adbeb1de828d84acd8a2e23d3efe85e8d"
  integrity sha1-t5hCCtvrHego2ErNii4j0+/oXo0=

ast-module-types@^2.3.2, ast-module-types@^2.4.0, ast-module-types@^2.7.0, ast-module-types@^2.7.1:
  version "2.7.1"
  resolved "https://registry.npm.taobao.org/ast-module-types/download/ast-module-types-2.7.1.tgz#3f7989ef8dfa1fdb82dfe0ab02bdfc7c77a57dd3"
  integrity sha1-P3mJ7436H9uC3+CrAr38fHelfdM=

balanced-match@^1.0.0:
  version "1.0.2"
  resolved "https://registry.nlark.com/balanced-match/download/balanced-match-1.0.2.tgz#e83e3a7e3f300b34cb9d87f615fa0cbf357690ee"
  integrity sha1-6D46fj8wCzTLnYf2FfoMvzV2kO4=

brace-expansion@^1.1.7:
  version "1.1.11"
  resolved "https://registry.npm.taobao.org/brace-expansion/download/brace-expansion-1.1.11.tgz#3c7fcbf529d87226f3d2f52b966ff5271eb441dd"
  integrity sha1-PH/L9SnYcibz0vUrlm/1Jx60Qd0=
  dependencies:
    balanced-match "^1.0.0"
    concat-map "0.0.1"

braces@^3.0.1:
  version "3.0.2"
  resolved "https://registry.npm.taobao.org/braces/download/braces-3.0.2.tgz#3454e1a462ee8d599e236df336cd9ea4f8afe107"
  integrity sha1-NFThpGLujVmeI23zNs2epPiv4Qc=
  dependencies:
    fill-range "^7.0.1"

colorette@^1.2.2:
  version "1.2.2"
  resolved "https://registry.nlark.com/colorette/download/colorette-1.2.2.tgz#cbcc79d5e99caea2dbf10eb3a26fd8b3e6acfa94"
  integrity sha1-y8x51emcrqLb8Q6zom/Ys+as+pQ=

commander@^2.20.3:
  version "2.20.3"
  resolved "https://registry.nlark.com/commander/download/commander-2.20.3.tgz#fd485e84c03eb4881c20722ba48035e8531aeb33"
  integrity sha1-/UhehMA+tIgcIHIrpIA16FMa6zM=

concat-map@0.0.1:
  version "0.0.1"
  resolved "https://registry.npm.taobao.org/concat-map/download/concat-map-0.0.1.tgz#d8a96bd77fd68df7793a73036a3ba0d5405d477b"
  integrity sha1-2Klr13/Wjfd5OnMDajug1UBdR3s=

debug@^4.0.0, debug@^4.1.1, debug@^4.3.1:
  version "4.3.1"
  resolved "https://registry.npm.taobao.org/debug/download/debug-4.3.1.tgz?cache=0&sync_timestamp=1607566571506&other_urls=https%3A%2F%2Fregistry.npm.taobao.org%2Fdebug%2Fdownload%2Fdebug-4.3.1.tgz#f0d229c505e0c6d8c49ac553d1b13dc183f6b2ee"
  integrity sha1-8NIpxQXgxtjEmsVT0bE9wYP2su4=
  dependencies:
    ms "2.1.2"

deep-is@~0.1.3:
  version "0.1.3"
  resolved "https://registry.npm.taobao.org/deep-is/download/deep-is-0.1.3.tgz#b369d6fb5dbc13eecf524f91b070feedc357cf34"
  integrity sha1-s2nW+128E+7PUk+RsHD+7cNXzzQ=

detective-amd@^3.0.1:
  version "3.1.0"
  resolved "https://registry.npm.taobao.org/detective-amd/download/detective-amd-3.1.0.tgz#92daee3214a0ca4522646cf333cac90a3fca6373"
  integrity sha1-ktruMhSgykUiZGzzM8rJCj/KY3M=
  dependencies:
    ast-module-types "^2.7.0"
    escodegen "^2.0.0"
    get-amd-module-type "^3.0.0"
    node-source-walk "^4.0.0"

detective-cjs@^3.1.1:
  version "3.1.1"
  resolved "https://registry.npm.taobao.org/detective-cjs/download/detective-cjs-3.1.1.tgz#18da3e39a002d2098a1123d45ce1de1b0d9045a0"
  integrity sha1-GNo+OaAC0gmKESPUXOHeGw2QRaA=
  dependencies:
    ast-module-types "^2.4.0"
    node-source-walk "^4.0.0"

detective-es6@^2.2.0:
  version "2.2.0"
  resolved "https://registry.npm.taobao.org/detective-es6/download/detective-es6-2.2.0.tgz#8f2baba3f8cd90a5cfd748f5ac436f0158ed2585"
  integrity sha1-jyuro/jNkKXP10j1rENvAVjtJYU=
  dependencies:
    node-source-walk "^4.0.0"

detective-less@^1.0.2:
  version "1.0.2"
  resolved "https://registry.npm.taobao.org/detective-less/download/detective-less-1.0.2.tgz#a68af9ca5f69d74b7d0aa190218b211d83b4f7e3"
  integrity sha1-por5yl9p10t9CqGQIYshHYO09+M=
  dependencies:
    debug "^4.0.0"
    gonzales-pe "^4.2.3"
    node-source-walk "^4.0.0"

detective-postcss@^4.0.0:
  version "4.0.0"
  resolved "https://registry.nlark.com/detective-postcss/download/detective-postcss-4.0.0.tgz#24e69b465e5fefe7a6afd05f7e894e34595dbf51"
  integrity sha1-JOabRl5f7+emr9BffolONFldv1E=
  dependencies:
    debug "^4.1.1"
    is-url "^1.2.4"
    postcss "^8.1.7"
    postcss-values-parser "^2.0.1"

detective-sass@^3.0.1:
  version "3.0.1"
  resolved "https://registry.npm.taobao.org/detective-sass/download/detective-sass-3.0.1.tgz#496b819efd1f5c4dd3f0e19b43a8634bdd6927c4"
  integrity sha1-SWuBnv0fXE3T8OGbQ6hjS91pJ8Q=
  dependencies:
    debug "^4.1.1"
    gonzales-pe "^4.2.3"
    node-source-walk "^4.0.0"

detective-scss@^2.0.1:
  version "2.0.1"
  resolved "https://registry.npm.taobao.org/detective-scss/download/detective-scss-2.0.1.tgz#06f8c21ae6dedad1fccc26d544892d968083eaf8"
  integrity sha1-BvjCGube2tH8zCbVRIktloCD6vg=
  dependencies:
    debug "^4.1.1"
    gonzales-pe "^4.2.3"
    node-source-walk "^4.0.0"

detective-stylus@^1.0.0:
  version "1.0.0"
  resolved "https://registry.npm.taobao.org/detective-stylus/download/detective-stylus-1.0.0.tgz#50aee7db8babb990381f010c63fabba5b58e54cd"
  integrity sha1-UK7n24uruZA4HwEMY/q7pbWOVM0=

detective-typescript@^7.0.0:
  version "7.0.0"
  resolved "https://registry.npm.taobao.org/detective-typescript/download/detective-typescript-7.0.0.tgz#8c8917f2e51d9e4ee49821abf759ff512dd897f2"
  integrity sha1-jIkX8uUdnk7kmCGr91n/US3Yl/I=
  dependencies:
    "@typescript-eslint/typescript-estree" "^4.8.2"
    ast-module-types "^2.7.1"
    node-source-walk "^4.2.0"
    typescript "^3.9.7"

dir-glob@^3.0.1:
  version "3.0.1"
  resolved "https://registry.nlark.com/dir-glob/download/dir-glob-3.0.1.tgz#56dbf73d992a4a93ba1584f4534063fd2e41717f"
  integrity sha1-Vtv3PZkqSpO6FYT0U0Bj/S5BcX8=
  dependencies:
    path-type "^4.0.0"

enhanced-resolve@^5.8.2:
  version "5.8.2"
  resolved "https://registry.nlark.com/enhanced-resolve/download/enhanced-resolve-5.8.2.tgz?cache=0&sync_timestamp=1620663202047&other_urls=https%3A%2F%2Fregistry.nlark.com%2Fenhanced-resolve%2Fdownload%2Fenhanced-resolve-5.8.2.tgz#15ddc779345cbb73e97c611cd00c01c1e7bf4d8b"
  integrity sha1-Fd3HeTRcu3PpfGEc0AwBwee/TYs=
  dependencies:
    graceful-fs "^4.2.4"
    tapable "^2.2.0"

escodegen@^2.0.0:
  version "2.0.0"
  resolved "https://registry.nlark.com/escodegen/download/escodegen-2.0.0.tgz#5e32b12833e8aa8fa35e1bf0befa89380484c7dd"
  integrity sha1-XjKxKDPoqo+jXhvwvvqJOASEx90=
  dependencies:
    esprima "^4.0.1"
    estraverse "^5.2.0"
    esutils "^2.0.2"
    optionator "^0.8.1"
  optionalDependencies:
    source-map "~0.6.1"

eslint-visitor-keys@^2.0.0:
  version "2.1.0"
  resolved "https://registry.nlark.com/eslint-visitor-keys/download/eslint-visitor-keys-2.1.0.tgz#f65328259305927392c938ed44eb0a5c9b2bd303"
  integrity sha1-9lMoJZMFknOSyTjtROsKXJsr0wM=

esprima@^4.0.1:
  version "4.0.1"
  resolved "https://registry.nlark.com/esprima/download/esprima-4.0.1.tgz#13b04cdb3e6c5d19df91ab6987a8695619b0aa71"
  integrity sha1-E7BM2z5sXRnfkatph6hpVhmwqnE=

estraverse@^5.2.0:
  version "5.2.0"
  resolved "https://registry.nlark.com/estraverse/download/estraverse-5.2.0.tgz#307df42547e6cc7324d3cf03c155d5cdb8c53880"
  integrity sha1-MH30JUfmzHMk088DwVXVzbjFOIA=

esutils@^2.0.2:
  version "2.0.3"
  resolved "https://registry.npm.taobao.org/esutils/download/esutils-2.0.3.tgz#74d2eb4de0b8da1293711910d50775b9b710ef64"
  integrity sha1-dNLrTeC42hKTcRkQ1Qd1ubcQ72Q=

fast-glob@^3.1.1:
  version "3.2.5"
  resolved "https://registry.nlark.com/fast-glob/download/fast-glob-3.2.5.tgz#7939af2a656de79a4f1901903ee8adcaa7cb9661"
  integrity sha1-eTmvKmVt55pPGQGQPuityqfLlmE=
  dependencies:
    "@nodelib/fs.stat" "^2.0.2"
    "@nodelib/fs.walk" "^1.2.3"
    glob-parent "^5.1.0"
    merge2 "^1.3.0"
    micromatch "^4.0.2"
    picomatch "^2.2.1"

fast-levenshtein@~2.0.6:
  version "2.0.6"
  resolved "https://registry.npm.taobao.org/fast-levenshtein/download/fast-levenshtein-2.0.6.tgz?cache=0&sync_timestamp=1605292839055&other_urls=https%3A%2F%2Fregistry.npm.taobao.org%2Ffast-levenshtein%2Fdownload%2Ffast-levenshtein-2.0.6.tgz#3d8a5c66883a16a30ca8643e851f19baa7797917"
  integrity sha1-PYpcZog6FqMMqGQ+hR8Zuqd5eRc=

fastq@^1.6.0:
  version "1.11.0"
  resolved "https://registry.npm.taobao.org/fastq/download/fastq-1.11.0.tgz?cache=0&sync_timestamp=1614183622904&other_urls=https%3A%2F%2Fregistry.npm.taobao.org%2Ffastq%2Fdownload%2Ffastq-1.11.0.tgz#bb9fb955a07130a918eb63c1f5161cc32a5d0858"
  integrity sha1-u5+5VaBxMKkY62PB9RYcwypdCFg=
  dependencies:
    reusify "^1.0.4"

fill-range@^7.0.1:
  version "7.0.1"
  resolved "https://registry.nlark.com/fill-range/download/fill-range-7.0.1.tgz#1919a6a7c75fe38b2c7c77e5198535da9acdda40"
  integrity sha1-GRmmp8df44ssfHflGYU12prN2kA=
  dependencies:
    to-regex-range "^5.0.1"

flatten@^1.0.2:
  version "1.0.3"
  resolved "https://registry.npm.taobao.org/flatten/download/flatten-1.0.3.tgz#c1283ac9f27b368abc1e36d1ff7b04501a30356b"
  integrity sha1-wSg6yfJ7Noq8HjbR/3sEUBowNWs=

fs.realpath@^1.0.0:
  version "1.0.0"
  resolved "https://registry.nlark.com/fs.realpath/download/fs.realpath-1.0.0.tgz#1504ad2523158caa40db4a2787cb01411994ea4f"
  integrity sha1-FQStJSMVjKpA20onh8sBQRmU6k8=

get-amd-module-type@^3.0.0:
  version "3.0.0"
  resolved "https://registry.npm.taobao.org/get-amd-module-type/download/get-amd-module-type-3.0.0.tgz#bb334662fa04427018c937774570de495845c288"
  integrity sha1-uzNGYvoEQnAYyTd3RXDeSVhFwog=
  dependencies:
    ast-module-types "^2.3.2"
    node-source-walk "^4.0.0"

glob-parent@^5.1.0:
  version "5.1.2"
  resolved "https://registry.nlark.com/glob-parent/download/glob-parent-5.1.2.tgz?cache=0&sync_timestamp=1620073671816&other_urls=https%3A%2F%2Fregistry.nlark.com%2Fglob-parent%2Fdownload%2Fglob-parent-5.1.2.tgz#869832c58034fe68a4093c17dc15e8340d8401c4"
  integrity sha1-hpgyxYA0/mikCTwX3BXoNA2EAcQ=
  dependencies:
    is-glob "^4.0.1"

glob@^7.1.7:
  version "7.1.7"
  resolved "https://registry.nlark.com/glob/download/glob-7.1.7.tgz?cache=0&sync_timestamp=1620337382269&other_urls=https%3A%2F%2Fregistry.nlark.com%2Fglob%2Fdownload%2Fglob-7.1.7.tgz#3b193e9233f01d42d0b3f78294bbeeb418f94a90"
  integrity sha1-Oxk+kjPwHULQs/eClLvutBj5SpA=
  dependencies:
    fs.realpath "^1.0.0"
    inflight "^1.0.4"
    inherits "2"
    minimatch "^3.0.4"
    once "^1.3.0"
    path-is-absolute "^1.0.0"

globby@^11.0.1:
  version "11.0.3"
  resolved "https://registry.nlark.com/globby/download/globby-11.0.3.tgz?cache=0&sync_timestamp=1618847179425&other_urls=https%3A%2F%2Fregistry.nlark.com%2Fglobby%2Fdownload%2Fglobby-11.0.3.tgz#9b1f0cb523e171dd1ad8c7b2a9fb4b644b9593cb"
  integrity sha1-mx8MtSPhcd0a2MeyqftLZEuVk8s=
  dependencies:
    array-union "^2.1.0"
    dir-glob "^3.0.1"
    fast-glob "^3.1.1"
    ignore "^5.1.4"
    merge2 "^1.3.0"
    slash "^3.0.0"

gonzales-pe@^4.2.3:
  version "4.3.0"
  resolved "https://registry.npm.taobao.org/gonzales-pe/download/gonzales-pe-4.3.0.tgz#fe9dec5f3c557eead09ff868c65826be54d067b3"
  integrity sha1-/p3sXzxVfurQn/hoxlgmvlTQZ7M=
  dependencies:
    minimist "^1.2.5"

graceful-fs@^4.2.4, graceful-fs@^4.2.6:
  version "4.2.6"
  resolved "https://registry.npm.taobao.org/graceful-fs/download/graceful-fs-4.2.6.tgz#ff040b2b0853b23c3d31027523706f1885d76bee"
  integrity sha1-/wQLKwhTsjw9MQJ1I3BvGIXXa+4=

ignore@^5.1.4:
  version "5.1.8"
  resolved "https://registry.nlark.com/ignore/download/ignore-5.1.8.tgz#f150a8b50a34289b33e22f5889abd4d8016f0e57"
  integrity sha1-8VCotQo0KJsz4i9YiavU2AFvDlc=

indexes-of@^1.0.1:
  version "1.0.1"
  resolved "https://registry.npm.taobao.org/indexes-of/download/indexes-of-1.0.1.tgz#f30f716c8e2bd346c7b67d3df3915566a7c05607"
  integrity sha1-8w9xbI4r00bHtn0985FVZqfAVgc=

inflight@^1.0.4:
  version "1.0.6"
  resolved "https://registry.nlark.com/inflight/download/inflight-1.0.6.tgz#49bd6331d7d02d0c09bc910a1075ba8165b56df9"
  integrity sha1-Sb1jMdfQLQwJvJEKEHW6gWW1bfk=
  dependencies:
    once "^1.3.0"
    wrappy "1"

inherits@2:
  version "2.0.4"
  resolved "https://registry.npm.taobao.org/inherits/download/inherits-2.0.4.tgz#0fa2c64f932917c3433a0ded55363aae37416b7c"
  integrity sha1-D6LGT5MpF8NDOg3tVTY6rjdBa3w=

is-extglob@^2.1.1:
  version "2.1.1"
  resolved "https://registry.nlark.com/is-extglob/download/is-extglob-2.1.1.tgz#a88c02535791f02ed37c76a1b9ea9773c833f8c2"
  integrity sha1-qIwCU1eR8C7TfHahueqXc8gz+MI=

is-glob@^4.0.1:
  version "4.0.1"
  resolved "https://registry.npm.taobao.org/is-glob/download/is-glob-4.0.1.tgz#7567dbe9f2f5e2467bc77ab83c4a29482407a5dc"
  integrity sha1-dWfb6fL14kZ7x3q4PEopSCQHpdw=
  dependencies:
    is-extglob "^2.1.1"

is-number@^7.0.0:
  version "7.0.0"
  resolved "https://registry.npm.taobao.org/is-number/download/is-number-7.0.0.tgz#7535345b896734d5f80c4d06c50955527a14f12b"
  integrity sha1-dTU0W4lnNNX4DE0GxQlVUnoU8Ss=

is-url@^1.2.4:
  version "1.2.4"
  resolved "https://registry.npm.taobao.org/is-url/download/is-url-1.2.4.tgz#04a4df46d28c4cff3d73d01ff06abeb318a1aa52"
  integrity sha1-BKTfRtKMTP89c9Af8Gq+sxihqlI=

levn@~0.3.0:
  version "0.3.0"
  resolved "https://registry.npm.taobao.org/levn/download/levn-0.3.0.tgz#3b09924edf9f083c0490fdd4c0bc4421e04764ee"
  integrity sha1-OwmSTt+fCDwEkP3UwLxEIeBHZO4=
  dependencies:
    prelude-ls "~1.1.2"
    type-check "~0.3.2"

lru-cache@^6.0.0:
  version "6.0.0"
  resolved "https://registry.nlark.com/lru-cache/download/lru-cache-6.0.0.tgz?cache=0&sync_timestamp=1619933505159&other_urls=https%3A%2F%2Fregistry.nlark.com%2Flru-cache%2Fdownload%2Flru-cache-6.0.0.tgz#6d6fe6570ebd96aaf90fcad1dafa3b2566db3a94"
  integrity sha1-bW/mVw69lqr5D8rR2vo7JWbbOpQ=
  dependencies:
    yallist "^4.0.0"

merge2@^1.3.0:
  version "1.4.1"
  resolved "https://registry.npm.taobao.org/merge2/download/merge2-1.4.1.tgz#4368892f885e907455a6fd7dc55c0c9d404990ae"
  integrity sha1-Q2iJL4hekHRVpv19xVwMnUBJkK4=

micromatch@^4.0.2:
  version "4.0.4"
  resolved "https://registry.npm.taobao.org/micromatch/download/micromatch-4.0.4.tgz?cache=0&sync_timestamp=1618054787196&other_urls=https%3A%2F%2Fregistry.npm.taobao.org%2Fmicromatch%2Fdownload%2Fmicromatch-4.0.4.tgz#896d519dfe9db25fce94ceb7a500919bf881ebf9"
  integrity sha1-iW1Rnf6dsl/OlM63pQCRm/iB6/k=
  dependencies:
    braces "^3.0.1"
    picomatch "^2.2.3"

minimatch@^3.0.4:
  version "3.0.4"
  resolved "https://registry.nlark.com/minimatch/download/minimatch-3.0.4.tgz#5166e286457f03306064be5497e8dbb0c3d32083"
  integrity sha1-UWbihkV/AzBgZL5Ul+jbsMPTIIM=
  dependencies:
    brace-expansion "^1.1.7"

minimist@^1.2.5:
  version "1.2.5"
  resolved "https://registry.nlark.com/minimist/download/minimist-1.2.5.tgz?cache=0&sync_timestamp=1618847003091&other_urls=https%3A%2F%2Fregistry.nlark.com%2Fminimist%2Fdownload%2Fminimist-1.2.5.tgz#67d66014b66a6a8aaa0c083c5fd58df4e4e97602"
  integrity sha1-Z9ZgFLZqaoqqDAg8X9WN9OTpdgI=

module-definition@^3.3.1:
  version "3.3.1"
  resolved "https://registry.npm.taobao.org/module-definition/download/module-definition-3.3.1.tgz#fedef71667713e36988b93d0626a4fe7b35aebfc"
  integrity sha1-/t73FmdxPjaYi5PQYmpP57Na6/w=
  dependencies:
    ast-module-types "^2.7.1"
    node-source-walk "^4.0.0"

ms@2.1.2:
  version "2.1.2"
  resolved "https://registry.npm.taobao.org/ms/download/ms-2.1.2.tgz?cache=0&sync_timestamp=1607433872491&other_urls=https%3A%2F%2Fregistry.npm.taobao.org%2Fms%2Fdownload%2Fms-2.1.2.tgz#d09d1f357b443f493382a8eb3ccd183872ae6009"
  integrity sha1-0J0fNXtEP0kzgqjrPM0YOHKuYAk=

nanoid@^3.1.23:
  version "3.1.23"
  resolved "https://registry.nlark.com/nanoid/download/nanoid-3.1.23.tgz#f744086ce7c2bc47ee0a8472574d5c78e4183a81"
  integrity sha1-90QIbOfCvEfuCoRyV01ceOQYOoE=

node-source-walk@^4.0.0, node-source-walk@^4.2.0:
  version "4.2.0"
  resolved "https://registry.npm.taobao.org/node-source-walk/download/node-source-walk-4.2.0.tgz#c2efe731ea8ba9c03c562aa0a9d984e54f27bc2c"
  integrity sha1-wu/nMeqLqcA8ViqgqdmE5U8nvCw=
  dependencies:
    "@babel/parser" "^7.0.0"

once@^1.3.0:
  version "1.4.0"
  resolved "https://registry.npm.taobao.org/once/download/once-1.4.0.tgz#583b1aa775961d4b113ac17d9c50baef9dd76bd1"
  integrity sha1-WDsap3WWHUsROsF9nFC6753Xa9E=
  dependencies:
    wrappy "1"

optionator@^0.8.1:
  version "0.8.3"
  resolved "https://registry.npm.taobao.org/optionator/download/optionator-0.8.3.tgz#84fa1d036fe9d3c7e21d99884b601167ec8fb495"
  integrity sha1-hPodA2/p08fiHZmIS2ARZ+yPtJU=
  dependencies:
    deep-is "~0.1.3"
    fast-levenshtein "~2.0.6"
    levn "~0.3.0"
    prelude-ls "~1.1.2"
    type-check "~0.3.2"
    word-wrap "~1.2.3"

path-is-absolute@^1.0.0:
  version "1.0.1"
  resolved "https://registry.nlark.com/path-is-absolute/download/path-is-absolute-1.0.1.tgz#174b9268735534ffbc7ace6bf53a5a9e1b5c5f5f"
  integrity sha1-F0uSaHNVNP+8es5r9TpanhtcX18=

path-type@^4.0.0:
  version "4.0.0"
  resolved "https://registry.nlark.com/path-type/download/path-type-4.0.0.tgz#84ed01c0a7ba380afe09d90a8c180dcd9d03043b"
  integrity sha1-hO0BwKe6OAr+CdkKjBgNzZ0DBDs=

picomatch@^2.2.1, picomatch@^2.2.3:
  version "2.2.3"
  resolved "https://registry.npm.taobao.org/picomatch/download/picomatch-2.2.3.tgz?cache=0&sync_timestamp=1618049925917&other_urls=https%3A%2F%2Fregistry.npm.taobao.org%2Fpicomatch%2Fdownload%2Fpicomatch-2.2.3.tgz#465547f359ccc206d3c48e46a1bcb89bf7ee619d"
  integrity sha1-RlVH81nMwgbTxI5Goby4m/fuYZ0=

postcss-values-parser@^2.0.1:
  version "2.0.1"
  resolved "https://registry.npm.taobao.org/postcss-values-parser/download/postcss-values-parser-2.0.1.tgz#da8b472d901da1e205b47bdc98637b9e9e550e5f"
  integrity sha1-2otHLZAdoeIFtHvcmGN7np5VDl8=
  dependencies:
    flatten "^1.0.2"
    indexes-of "^1.0.1"
    uniq "^1.0.1"

postcss@^8.1.7:
  version "8.2.15"
  resolved "https://registry.nlark.com/postcss/download/postcss-8.2.15.tgz?cache=0&sync_timestamp=1620677860208&other_urls=https%3A%2F%2Fregistry.nlark.com%2Fpostcss%2Fdownload%2Fpostcss-8.2.15.tgz#9e66ccf07292817d226fc315cbbf9bc148fbca65"
  integrity sha1-nmbM8HKSgX0ib8MVy7+bwUj7ymU=
  dependencies:
    colorette "^1.2.2"
    nanoid "^3.1.23"
    source-map "^0.6.1"

precinct@^8.1.0:
  version "8.1.0"
  resolved "https://registry.npm.taobao.org/precinct/download/precinct-8.1.0.tgz#6b8f2389ba2ca61c466731390b0d7e25da3fd996"
  integrity sha1-a48jibosphxGZzE5Cw1+Jdo/2ZY=
  dependencies:
    commander "^2.20.3"
    debug "^4.3.1"
    detective-amd "^3.0.1"
    detective-cjs "^3.1.1"
    detective-es6 "^2.2.0"
    detective-less "^1.0.2"
    detective-postcss "^4.0.0"
    detective-sass "^3.0.1"
    detective-scss "^2.0.1"
    detective-stylus "^1.0.0"
    detective-typescript "^7.0.0"
    module-definition "^3.3.1"
    node-source-walk "^4.2.0"

prelude-ls@~1.1.2:
  version "1.1.2"
  resolved "https://registry.nlark.com/prelude-ls/download/prelude-ls-1.1.2.tgz#21932a549f5e52ffd9a827f570e04be62a97da54"
  integrity sha1-IZMqVJ9eUv/ZqCf1cOBL5iqX2lQ=

queue-microtask@^1.2.2:
  version "1.2.3"
  resolved "https://registry.npm.taobao.org/queue-microtask/download/queue-microtask-1.2.3.tgz?cache=0&sync_timestamp=1616391510274&other_urls=https%3A%2F%2Fregistry.npm.taobao.org%2Fqueue-microtask%2Fdownload%2Fqueue-microtask-1.2.3.tgz#4929228bbc724dfac43e0efb058caf7b6cfb6243"
  integrity sha1-SSkii7xyTfrEPg77BYyve2z7YkM=

reusify@^1.0.4:
  version "1.0.4"
  resolved "https://registry.nlark.com/reusify/download/reusify-1.0.4.tgz#90da382b1e126efc02146e90845a88db12925d76"
  integrity sha1-kNo4Kx4SbvwCFG6QhFqI2xKSXXY=

run-parallel@^1.1.9:
  version "1.2.0"
  resolved "https://registry.npm.taobao.org/run-parallel/download/run-parallel-1.2.0.tgz?cache=0&sync_timestamp=1612926037406&other_urls=https%3A%2F%2Fregistry.npm.taobao.org%2Frun-parallel%2Fdownload%2Frun-parallel-1.2.0.tgz#66d1368da7bdf921eb9d95bd1a9229e7f21a43ee"
  integrity sha1-ZtE2jae9+SHrnZW9GpIp5/IaQ+4=
  dependencies:
    queue-microtask "^1.2.2"

semver@^7.3.2:
  version "7.3.5"
  resolved "https://registry.npm.taobao.org/semver/download/semver-7.3.5.tgz?cache=0&sync_timestamp=1616463641178&other_urls=https%3A%2F%2Fregistry.npm.taobao.org%2Fsemver%2Fdownload%2Fsemver-7.3.5.tgz#0b621c879348d8998e4b0e4be94b3f12e6018ef7"
  integrity sha1-C2Ich5NI2JmOSw5L6Us/EuYBjvc=
  dependencies:
    lru-cache "^6.0.0"

slash@^3.0.0:
  version "3.0.0"
  resolved "https://registry.npm.taobao.org/slash/download/slash-3.0.0.tgz#6539be870c165adbd5240220dbe361f1bc4d4634"
  integrity sha1-ZTm+hwwWWtvVJAIg2+Nh8bxNRjQ=

source-map@^0.6.1, source-map@~0.6.1:
  version "0.6.1"
  resolved "https://registry.nlark.com/source-map/download/source-map-0.6.1.tgz?cache=0&other_urls=https%3A%2F%2Fregistry.nlark.com%2Fsource-map%2Fdownload%2Fsource-map-0.6.1.tgz#74722af32e9614e9c287a8d0bbde48b5e2f1a263"
  integrity sha1-dHIq8y6WFOnCh6jQu95IteLxomM=

tapable@^2.2.0:
  version "2.2.0"
  resolved "https://registry.npm.taobao.org/tapable/download/tapable-2.2.0.tgz?cache=0&sync_timestamp=1607088902003&other_urls=https%3A%2F%2Fregistry.npm.taobao.org%2Ftapable%2Fdownload%2Ftapable-2.2.0.tgz#5c373d281d9c672848213d0e037d1c4165ab426b"
  integrity sha1-XDc9KB2cZyhIIT0OA30cQWWrQms=

to-regex-range@^5.0.1:
  version "5.0.1"
  resolved "https://registry.nlark.com/to-regex-range/download/to-regex-range-5.0.1.tgz#1648c44aae7c8d988a326018ed72f5b4dd0392e4"
  integrity sha1-FkjESq58jZiKMmAY7XL1tN0DkuQ=
  dependencies:
    is-number "^7.0.0"

tslib@^1.8.1:
  version "1.14.1"
  resolved "https://registry.npm.taobao.org/tslib/download/tslib-1.14.1.tgz?cache=0&sync_timestamp=1617647331485&other_urls=https%3A%2F%2Fregistry.npm.taobao.org%2Ftslib%2Fdownload%2Ftslib-1.14.1.tgz#cf2d38bdc34a134bcaf1091c41f6619e2f672d00"
  integrity sha1-zy04vcNKE0vK8QkcQfZhni9nLQA=

tsutils@^3.17.1:
  version "3.21.0"
  resolved "https://registry.npm.taobao.org/tsutils/download/tsutils-3.21.0.tgz?cache=0&sync_timestamp=1615138205781&other_urls=https%3A%2F%2Fregistry.npm.taobao.org%2Ftsutils%2Fdownload%2Ftsutils-3.21.0.tgz#b48717d394cea6c1e096983eed58e9d61715b623"
  integrity sha1-tIcX05TOpsHglpg+7Vjp1hcVtiM=
  dependencies:
    tslib "^1.8.1"

type-check@~0.3.2:
  version "0.3.2"
  resolved "https://registry.npm.taobao.org/type-check/download/type-check-0.3.2.tgz#5884cab512cf1d355e3fb784f30804b2b520db72"
  integrity sha1-WITKtRLPHTVeP7eE8wgEsrUg23I=
  dependencies:
    prelude-ls "~1.1.2"

typescript@^3.9.7:
  version "3.9.9"
  resolved "https://registry.nlark.com/typescript/download/typescript-3.9.9.tgz#e69905c54bc0681d0518bd4d587cc6f2d0b1a674"
  integrity sha1-5pkFxUvAaB0FGL1NWHzG8tCxpnQ=

typescript@^4.2.4:
  version "4.2.4"
  resolved "https://registry.nlark.com/typescript/download/typescript-4.2.4.tgz#8610b59747de028fda898a8aef0e103f156d0961"
  integrity sha1-hhC1l0feAo/aiYqK7w4QPxVtCWE=

uniq@^1.0.1:
  version "1.0.1"
  resolved "https://registry.npm.taobao.org/uniq/download/uniq-1.0.1.tgz#b31c5ae8254844a3a8281541ce2b04b865a734ff"
  integrity sha1-sxxa6CVIRKOoKBVBzisEuGWnNP8=

word-wrap@~1.2.3:
  version "1.2.3"
  resolved "https://registry.nlark.com/word-wrap/download/word-wrap-1.2.3.tgz#610636f6b1f703891bd34771ccb17fb93b47079c"
  integrity sha1-YQY29rH3A4kb00dxzLF/uTtHB5w=

wrappy@1:
  version "1.0.2"
  resolved "https://registry.nlark.com/wrappy/download/wrappy-1.0.2.tgz#b5243d8f3ec1aa35f1364605bc0d1036e30ab69f"
  integrity sha1-tSQ9jz7BqjXxNkYFvA0QNuMKtp8=

yallist@^4.0.0:
  version "4.0.0"
  resolved "https://registry.nlark.com/yallist/download/yallist-4.0.0.tgz#9bb92790d9c0effec63be73519e11a35019a3a72"
  integrity sha1-m7knkNnA7/7GO+c1GeEaNQGaOnI=
